
Microsoft Visual Studio Solution File, Format Version 12.00
# Visual Studio Version 17
VisualStudioVersion = 17.10.35122.118
MinimumVisualStudioVersion = 10.0.40219.1
Project("{FAE04EC0-301F-11D3-BF4B-00C04F79EFBC}") = "Hello-world", "Hello-world\Hello-world.csproj", "{0DE876EB-D51D-4595-A949-A4B9401E4D94}"
EndProject
Global
	GlobalSection(SolutionConfigurationPlatforms) = preSolution
		Debug|Any CPU = Debug|Any CPU
		Release|Any CPU = Release|Any CPU
	EndGlobalSection
	GlobalSection(ProjectConfigurationPlatforms) = postSolution
		{0DE876EB-D51D-4595-A949-A4B9401E4D94}.Debug|Any CPU.ActiveCfg = Debug|Any CPU
		{0DE876EB-D51D-4595-A949-A4B9401E4D94}.Debug|Any CPU.Build.0 = Debug|Any CPU
		{0DE876EB-D51D-4595-A949-A4B9401E4D94}.Release|Any CPU.ActiveCfg = Release|Any CPU
		{0DE876EB-D51D-4595-A949-A4B9401E4D94}.Release|Any CPU.Build.0 = Release|Any CPU
	EndGlobalSection
	GlobalSection(SolutionProperties) = preSolution
		HideSolutionNode = FALSE
	EndGlobalSection
	GlobalSection(ExtensibilityGlobals) = postSolution
		SolutionGuid = {5FF56FE5-3771-4749-A843-4A7F9561B53B}
	EndGlobalSection
EndGlobal
