
Microsoft Visual Studio Solution File, Format Version 12.00
# Visual Studio Version 17
VisualStudioVersion = 17.13.35931.197
MinimumVisualStudioVersion = 10.0.40219.1
Project("{2150E333-8FDC-42A3-9474-1A3956D46DE8}") = "UserService", "UserService", "{36D591C7-65C7-A0D1-1CBC-10CDE441BDC8}"
EndProject
Project("{FAE04EC0-301F-11D3-BF4B-00C04F79EFBC}") = "UserService.Api", "UserService.Api\UserService.Api.csproj", "{9C9F00B7-3989-46BA-8137-7F04A767C831}"
EndProject
Project("{FAE04EC0-301F-11D3-BF4B-00C04F79EFBC}") = "UserService.BLL", "UserService.BLL\UserService.BLL.csproj", "{79FAB753-B4AF-4E5C-AF07-6E5111EF2BB1}"
EndProject
Project("{FAE04EC0-301F-11D3-BF4B-00C04F79EFBC}") = "UserService.DAL", "UserService.DAL\UserService.DAL.csproj", "{B8A7D663-96C8-478E-A5FF-FEBEEFBE3462}"
EndProject
Project("{FAE04EC0-301F-11D3-BF4B-00C04F79EFBC}") = "UserService.Domain", "UserService.Domain\UserService.Domain.csproj", "{CEB4FD76-1D7C-45FB-902B-529596B4A0C2}"
EndProject
Project("{2150E333-8FDC-42A3-9474-1A3956D46DE8}") = "EmailService", "EmailService", "{CCB57C20-F91F-412B-8718-DFA9C110A0D5}"
EndProject
Project("{FAE04EC0-301F-11D3-BF4B-00C04F79EFBC}") = "EmailService.Api", "EmailService.Api\EmailService.Api.csproj", "{5D51EFCD-1763-40D0-8692-2697FC9A3088}"
EndProject
Project("{FAE04EC0-301F-11D3-BF4B-00C04F79EFBC}") = "EmailService.BLL", "EmailService.BLL\EmailService.BLL.csproj", "{70C5E910-9DC0-4481-A366-164EE832BE39}"
EndProject
Project("{FAE04EC0-301F-11D3-BF4B-00C04F79EFBC}") = "EmailService.DAL", "EmailService.DAL\EmailService.DAL.csproj", "{48876A1E-5228-4F04-8494-8978AEA38546}"
EndProject
Project("{FAE04EC0-301F-11D3-BF4B-00C04F79EFBC}") = "EmailService.Domain", "EmailService.Domain\EmailService.Domain.csproj", "{73A745A6-42DA-4966-B337-D5A418B11EDD}"
EndProject
Project("{2150E333-8FDC-42A3-9474-1A3956D46DE8}") = "SharedLibs", "SharedLibs", "{3E9243A7-68EA-4B13-B44E-42CD25414931}"
EndProject
Project("{FAE04EC0-301F-11D3-BF4B-00C04F79EFBC}") = "Shared.Auth", "Shared.Auth\Shared.Auth.csproj", "{3C9E2506-9AEC-416A-8E9A-4ECEF5013130}"
EndProject
Project("{FAE04EC0-301F-11D3-BF4B-00C04F79EFBC}") = "Shared.EmailClient", "Shared.EmailClient\Shared.EmailClient.csproj", "{3721867C-AA0C-4A9C-AB44-EE85DD54C35B}"
EndProject
Project("{2150E333-8FDC-42A3-9474-1A3956D46DE8}") = "PolyclinicService", "PolyclinicService", "{CCA7D8C2-3E9E-4CFA-AF47-85F59BAC99C3}"
EndProject
Project("{FAE04EC0-301F-11D3-BF4B-00C04F79EFBC}") = "PolyclinicService.DAL", "PolyclinicService.DAL\PolyclinicService.DAL.csproj", "{7041421A-3A3E-46CE-B73B-5C8415A35891}"
EndProject
Project("{FAE04EC0-301F-11D3-BF4B-00C04F79EFBC}") = "PolyclinicService.BLL", "PolyclinicService.BLL\PolyclinicService.BLL.csproj", "{0CC826C9-D617-4A6D-931E-EB47BF282348}"
EndProject
Project("{FAE04EC0-301F-11D3-BF4B-00C04F79EFBC}") = "PolyclinicService.Domain", "PolyclinicService.Domain\PolyclinicService.Domain.csproj", "{400C907C-1054-4ED6-B452-9C5E6398EAA5}"
EndProject
Project("{FAE04EC0-301F-11D3-BF4B-00C04F79EFBC}") = "PolyclinicService.Api", "PolyclinicService.Api\PolyclinicService.Api.csproj", "{AF07395E-9648-43DB-867D-291AF487FAE9}"
EndProject
Project("{FAE04EC0-301F-11D3-BF4B-00C04F79EFBC}") = "Shared.Common", "Shared.Common\Shared.Common.csproj", "{C1A661E2-B4ED-448A-8846-FA2801A72F82}"
EndProject
Project("{2150E333-8FDC-42A3-9474-1A3956D46DE8}") = "CentralService", "CentralService", "{02EA681E-C7D8-13C7-8484-4AC65E1B71E8}"
EndProject
Project("{FAE04EC0-301F-11D3-BF4B-00C04F79EFBC}") = "CentralService.Api", "CentralService.Api\CentralService.Api.csproj", "{F62624DC-BF34-4BBC-9F71-787D9F6525DC}"
EndProject
Project("{2150E333-8FDC-42A3-9474-1A3956D46DE8}") = "MetricService", "MetricService", "{C151E308-C652-4702-9274-9B06FF5DE265}"
EndProject
Project("{FAE04EC0-301F-11D3-BF4B-00C04F79EFBC}") = "MetricService.Domain", "MetricService.Domain\MetricService.Domain.csproj", "{9A6AC86E-677B-4A0F-A324-9FD709F342A3}"
EndProject
Project("{FAE04EC0-301F-11D3-BF4B-00C04F79EFBC}") = "MetricService.DAL", "MetricService.DAL\MetricService.DAL.csproj", "{E45FE717-4356-4E0C-8E50-B5400B71DF14}"
EndProject
Project("{FAE04EC0-301F-11D3-BF4B-00C04F79EFBC}") = "MetricService.BLL", "MetricService.BLL\MetricService.BLL.csproj", "{01991DFF-A837-4E1F-9005-B31D68744B09}"
EndProject
Project("{FAE04EC0-301F-11D3-BF4B-00C04F79EFBC}") = "MetricService.API", "MetricService.API\MetricService.API.csproj", "{9CD597D1-3676-4792-88EF-69496B1A5587}"
EndProject
Project("{2150E333-8FDC-42A3-9474-1A3956D46DE8}") = "StateService", "StateService", "{2E2BF723-B720-4502-AC75-924883FD8660}"
EndProject
Project("{FAE04EC0-301F-11D3-BF4B-00C04F79EFBC}") = "StateService.Domain", "StateService.Domain\StateService.Domain.csproj", "{55281CF5-2148-4F5A-A0C4-3915C5979307}"
EndProject
Project("{FAE04EC0-301F-11D3-BF4B-00C04F79EFBC}") = "StateService.BLL", "StateService.BLL\StateService.BLL.csproj", "{BF99A74B-A12C-4AFF-8C4A-BCB94B18C6B5}"
EndProject
Project("{FAE04EC0-301F-11D3-BF4B-00C04F79EFBC}") = "StateService.DAL", "StateService.DAL\StateService.DAL.csproj", "{A78B77B9-B680-4E19-B34D-FCD6D7FB2BD0}"
EndProject
Project("{FAE04EC0-301F-11D3-BF4B-00C04F79EFBC}") = "StateService.Api", "StateService.Api\StateService.Api.csproj", "{11BAC114-A55C-4AFE-AEF5-AB8835E658E0}"
EndProject
Project("{2150E333-8FDC-42A3-9474-1A3956D46DE8}") = "FoodService", "FoodService", "{604A5CE0-DF86-4B13-ADAF-15D930986F5F}"
EndProject
Project("{FAE04EC0-301F-11D3-BF4B-00C04F79EFBC}") = "FoodService.DAL", "FoodService.DAL\FoodService.DAL.csproj", "{9C979BBD-8B24-4C8D-A1D0-29EAAD0829AA}"
EndProject
Project("{FAE04EC0-301F-11D3-BF4B-00C04F79EFBC}") = "FoodService.Api", "FoodService.Api\FoodService.Api.csproj", "{1D493C75-1DE8-472A-A54D-C28D9325EFD1}"
EndProject
Project("{2150E333-8FDC-42A3-9474-1A3956D46DE8}") = "ReportService", "ReportService", "{63050D05-3C7F-480A-86D0-E87D7E7B6C91}"
EndProject
Project("{FAE04EC0-301F-11D3-BF4B-00C04F79EFBC}") = "ReportService.Domain", "ReportService.Domain\ReportService.Domain.csproj", "{16633C18-20CA-45F1-BCCB-92854D2E33BF}"
EndProject
Project("{FAE04EC0-301F-11D3-BF4B-00C04F79EFBC}") = "ReportService.DAL", "ReportService.DAL\ReportService.DAL.csproj", "{06027E55-21AB-4D90-9B1B-57FD0B2DF63A}"
EndProject
Project("{FAE04EC0-301F-11D3-BF4B-00C04F79EFBC}") = "ReportService.Api", "ReportService.Api\ReportService.Api.csproj", "{A15B7046-4255-4BB8-A781-82D18831133A}"
EndProject
Project("{FAE04EC0-301F-11D3-BF4B-00C04F79EFBC}") = "ReportService.Api.Contracts", "ReportService.Api.Contracts\ReportService.Api.Contracts.csproj", "{14591D26-BF09-4A4D-B3D4-A2F2970F1010}"
EndProject
Project("{FAE04EC0-301F-11D3-BF4B-00C04F79EFBC}") = "ReportService.BLL", "ReportService.BLL\ReportService.BLL.csproj", "{B7B524CE-801E-4D27-96C9-1E624900565E}"
EndProject
Global
	GlobalSection(SolutionConfigurationPlatforms) = preSolution
		Debug|Any CPU = Debug|Any CPU
		Release|Any CPU = Release|Any CPU
	EndGlobalSection
	GlobalSection(ProjectConfigurationPlatforms) = postSolution
		{9C9F00B7-3989-46BA-8137-7F04A767C831}.Debug|Any CPU.ActiveCfg = Debug|Any CPU
		{9C9F00B7-3989-46BA-8137-7F04A767C831}.Debug|Any CPU.Build.0 = Debug|Any CPU
		{9C9F00B7-3989-46BA-8137-7F04A767C831}.Release|Any CPU.ActiveCfg = Release|Any CPU
		{9C9F00B7-3989-46BA-8137-7F04A767C831}.Release|Any CPU.Build.0 = Release|Any CPU
		{79FAB753-B4AF-4E5C-AF07-6E5111EF2BB1}.Debug|Any CPU.ActiveCfg = Debug|Any CPU
		{79FAB753-B4AF-4E5C-AF07-6E5111EF2BB1}.Debug|Any CPU.Build.0 = Debug|Any CPU
		{79FAB753-B4AF-4E5C-AF07-6E5111EF2BB1}.Release|Any CPU.ActiveCfg = Release|Any CPU
		{79FAB753-B4AF-4E5C-AF07-6E5111EF2BB1}.Release|Any CPU.Build.0 = Release|Any CPU
		{B8A7D663-96C8-478E-A5FF-FEBEEFBE3462}.Debug|Any CPU.ActiveCfg = Debug|Any CPU
		{B8A7D663-96C8-478E-A5FF-FEBEEFBE3462}.Debug|Any CPU.Build.0 = Debug|Any CPU
		{B8A7D663-96C8-478E-A5FF-FEBEEFBE3462}.Release|Any CPU.ActiveCfg = Release|Any CPU
		{B8A7D663-96C8-478E-A5FF-FEBEEFBE3462}.Release|Any CPU.Build.0 = Release|Any CPU
		{CEB4FD76-1D7C-45FB-902B-529596B4A0C2}.Debug|Any CPU.ActiveCfg = Debug|Any CPU
		{CEB4FD76-1D7C-45FB-902B-529596B4A0C2}.Debug|Any CPU.Build.0 = Debug|Any CPU
		{CEB4FD76-1D7C-45FB-902B-529596B4A0C2}.Release|Any CPU.ActiveCfg = Release|Any CPU
		{CEB4FD76-1D7C-45FB-902B-529596B4A0C2}.Release|Any CPU.Build.0 = Release|Any CPU
		{5D51EFCD-1763-40D0-8692-2697FC9A3088}.Debug|Any CPU.ActiveCfg = Debug|Any CPU
		{5D51EFCD-1763-40D0-8692-2697FC9A3088}.Debug|Any CPU.Build.0 = Debug|Any CPU
		{5D51EFCD-1763-40D0-8692-2697FC9A3088}.Release|Any CPU.ActiveCfg = Release|Any CPU
		{5D51EFCD-1763-40D0-8692-2697FC9A3088}.Release|Any CPU.Build.0 = Release|Any CPU
		{70C5E910-9DC0-4481-A366-164EE832BE39}.Debug|Any CPU.ActiveCfg = Debug|Any CPU
		{70C5E910-9DC0-4481-A366-164EE832BE39}.Debug|Any CPU.Build.0 = Debug|Any CPU
		{70C5E910-9DC0-4481-A366-164EE832BE39}.Release|Any CPU.ActiveCfg = Release|Any CPU
		{70C5E910-9DC0-4481-A366-164EE832BE39}.Release|Any CPU.Build.0 = Release|Any CPU
		{48876A1E-5228-4F04-8494-8978AEA38546}.Debug|Any CPU.ActiveCfg = Debug|Any CPU
		{48876A1E-5228-4F04-8494-8978AEA38546}.Debug|Any CPU.Build.0 = Debug|Any CPU
		{48876A1E-5228-4F04-8494-8978AEA38546}.Release|Any CPU.ActiveCfg = Release|Any CPU
		{48876A1E-5228-4F04-8494-8978AEA38546}.Release|Any CPU.Build.0 = Release|Any CPU
		{73A745A6-42DA-4966-B337-D5A418B11EDD}.Debug|Any CPU.ActiveCfg = Debug|Any CPU
		{73A745A6-42DA-4966-B337-D5A418B11EDD}.Debug|Any CPU.Build.0 = Debug|Any CPU
		{73A745A6-42DA-4966-B337-D5A418B11EDD}.Release|Any CPU.ActiveCfg = Release|Any CPU
		{73A745A6-42DA-4966-B337-D5A418B11EDD}.Release|Any CPU.Build.0 = Release|Any CPU
		{3C9E2506-9AEC-416A-8E9A-4ECEF5013130}.Debug|Any CPU.ActiveCfg = Debug|Any CPU
		{3C9E2506-9AEC-416A-8E9A-4ECEF5013130}.Debug|Any CPU.Build.0 = Debug|Any CPU
		{3C9E2506-9AEC-416A-8E9A-4ECEF5013130}.Release|Any CPU.ActiveCfg = Release|Any CPU
		{3C9E2506-9AEC-416A-8E9A-4ECEF5013130}.Release|Any CPU.Build.0 = Release|Any CPU
		{3721867C-AA0C-4A9C-AB44-EE85DD54C35B}.Debug|Any CPU.ActiveCfg = Debug|Any CPU
		{3721867C-AA0C-4A9C-AB44-EE85DD54C35B}.Debug|Any CPU.Build.0 = Debug|Any CPU
		{3721867C-AA0C-4A9C-AB44-EE85DD54C35B}.Release|Any CPU.ActiveCfg = Release|Any CPU
		{3721867C-AA0C-4A9C-AB44-EE85DD54C35B}.Release|Any CPU.Build.0 = Release|Any CPU
		{7041421A-3A3E-46CE-B73B-5C8415A35891}.Debug|Any CPU.ActiveCfg = Debug|Any CPU
		{7041421A-3A3E-46CE-B73B-5C8415A35891}.Debug|Any CPU.Build.0 = Debug|Any CPU
		{7041421A-3A3E-46CE-B73B-5C8415A35891}.Release|Any CPU.ActiveCfg = Release|Any CPU
		{7041421A-3A3E-46CE-B73B-5C8415A35891}.Release|Any CPU.Build.0 = Release|Any CPU
		{0CC826C9-D617-4A6D-931E-EB47BF282348}.Debug|Any CPU.ActiveCfg = Debug|Any CPU
		{0CC826C9-D617-4A6D-931E-EB47BF282348}.Debug|Any CPU.Build.0 = Debug|Any CPU
		{0CC826C9-D617-4A6D-931E-EB47BF282348}.Release|Any CPU.ActiveCfg = Release|Any CPU
		{0CC826C9-D617-4A6D-931E-EB47BF282348}.Release|Any CPU.Build.0 = Release|Any CPU
		{400C907C-1054-4ED6-B452-9C5E6398EAA5}.Debug|Any CPU.ActiveCfg = Debug|Any CPU
		{400C907C-1054-4ED6-B452-9C5E6398EAA5}.Debug|Any CPU.Build.0 = Debug|Any CPU
		{400C907C-1054-4ED6-B452-9C5E6398EAA5}.Release|Any CPU.ActiveCfg = Release|Any CPU
		{400C907C-1054-4ED6-B452-9C5E6398EAA5}.Release|Any CPU.Build.0 = Release|Any CPU
		{AF07395E-9648-43DB-867D-291AF487FAE9}.Debug|Any CPU.ActiveCfg = Debug|Any CPU
		{AF07395E-9648-43DB-867D-291AF487FAE9}.Debug|Any CPU.Build.0 = Debug|Any CPU
		{AF07395E-9648-43DB-867D-291AF487FAE9}.Release|Any CPU.ActiveCfg = Release|Any CPU
		{AF07395E-9648-43DB-867D-291AF487FAE9}.Release|Any CPU.Build.0 = Release|Any CPU
		{C1A661E2-B4ED-448A-8846-FA2801A72F82}.Debug|Any CPU.ActiveCfg = Debug|Any CPU
		{C1A661E2-B4ED-448A-8846-FA2801A72F82}.Debug|Any CPU.Build.0 = Debug|Any CPU
		{C1A661E2-B4ED-448A-8846-FA2801A72F82}.Release|Any CPU.ActiveCfg = Release|Any CPU
		{C1A661E2-B4ED-448A-8846-FA2801A72F82}.Release|Any CPU.Build.0 = Release|Any CPU
		{F62624DC-BF34-4BBC-9F71-787D9F6525DC}.Debug|Any CPU.ActiveCfg = Debug|Any CPU
		{F62624DC-BF34-4BBC-9F71-787D9F6525DC}.Debug|Any CPU.Build.0 = Debug|Any CPU
		{F62624DC-BF34-4BBC-9F71-787D9F6525DC}.Release|Any CPU.ActiveCfg = Release|Any CPU
		{F62624DC-BF34-4BBC-9F71-787D9F6525DC}.Release|Any CPU.Build.0 = Release|Any CPU
		{9A6AC86E-677B-4A0F-A324-9FD709F342A3}.Debug|Any CPU.ActiveCfg = Debug|Any CPU
		{9A6AC86E-677B-4A0F-A324-9FD709F342A3}.Debug|Any CPU.Build.0 = Debug|Any CPU
		{9A6AC86E-677B-4A0F-A324-9FD709F342A3}.Release|Any CPU.ActiveCfg = Release|Any CPU
		{9A6AC86E-677B-4A0F-A324-9FD709F342A3}.Release|Any CPU.Build.0 = Release|Any CPU
		{E45FE717-4356-4E0C-8E50-B5400B71DF14}.Debug|Any CPU.ActiveCfg = Debug|Any CPU
		{E45FE717-4356-4E0C-8E50-B5400B71DF14}.Debug|Any CPU.Build.0 = Debug|Any CPU
		{E45FE717-4356-4E0C-8E50-B5400B71DF14}.Release|Any CPU.ActiveCfg = Release|Any CPU
		{E45FE717-4356-4E0C-8E50-B5400B71DF14}.Release|Any CPU.Build.0 = Release|Any CPU
		{01991DFF-A837-4E1F-9005-B31D68744B09}.Debug|Any CPU.ActiveCfg = Debug|Any CPU
		{01991DFF-A837-4E1F-9005-B31D68744B09}.Debug|Any CPU.Build.0 = Debug|Any CPU
		{01991DFF-A837-4E1F-9005-B31D68744B09}.Release|Any CPU.ActiveCfg = Release|Any CPU
		{01991DFF-A837-4E1F-9005-B31D68744B09}.Release|Any CPU.Build.0 = Release|Any CPU
		{9CD597D1-3676-4792-88EF-69496B1A5587}.Debug|Any CPU.ActiveCfg = Debug|Any CPU
		{9CD597D1-3676-4792-88EF-69496B1A5587}.Debug|Any CPU.Build.0 = Debug|Any CPU
		{9CD597D1-3676-4792-88EF-69496B1A5587}.Release|Any CPU.ActiveCfg = Release|Any CPU
		{9CD597D1-3676-4792-88EF-69496B1A5587}.Release|Any CPU.Build.0 = Release|Any CPU
		{55281CF5-2148-4F5A-A0C4-3915C5979307}.Debug|Any CPU.ActiveCfg = Debug|Any CPU
		{55281CF5-2148-4F5A-A0C4-3915C5979307}.Debug|Any CPU.Build.0 = Debug|Any CPU
		{55281CF5-2148-4F5A-A0C4-3915C5979307}.Release|Any CPU.ActiveCfg = Release|Any CPU
		{55281CF5-2148-4F5A-A0C4-3915C5979307}.Release|Any CPU.Build.0 = Release|Any CPU
		{BF99A74B-A12C-4AFF-8C4A-BCB94B18C6B5}.Debug|Any CPU.ActiveCfg = Debug|Any CPU
		{BF99A74B-A12C-4AFF-8C4A-BCB94B18C6B5}.Debug|Any CPU.Build.0 = Debug|Any CPU
		{BF99A74B-A12C-4AFF-8C4A-BCB94B18C6B5}.Release|Any CPU.ActiveCfg = Release|Any CPU
		{BF99A74B-A12C-4AFF-8C4A-BCB94B18C6B5}.Release|Any CPU.Build.0 = Release|Any CPU
		{A78B77B9-B680-4E19-B34D-FCD6D7FB2BD0}.Debug|Any CPU.ActiveCfg = Debug|Any CPU
		{A78B77B9-B680-4E19-B34D-FCD6D7FB2BD0}.Debug|Any CPU.Build.0 = Debug|Any CPU
		{A78B77B9-B680-4E19-B34D-FCD6D7FB2BD0}.Release|Any CPU.ActiveCfg = Release|Any CPU
		{A78B77B9-B680-4E19-B34D-FCD6D7FB2BD0}.Release|Any CPU.Build.0 = Release|Any CPU
		{11BAC114-A55C-4AFE-AEF5-AB8835E658E0}.Debug|Any CPU.ActiveCfg = Debug|Any CPU
		{11BAC114-A55C-4AFE-AEF5-AB8835E658E0}.Debug|Any CPU.Build.0 = Debug|Any CPU
		{11BAC114-A55C-4AFE-AEF5-AB8835E658E0}.Release|Any CPU.ActiveCfg = Release|Any CPU
		{11BAC114-A55C-4AFE-AEF5-AB8835E658E0}.Release|Any CPU.Build.0 = Release|Any CPU
		{9C979BBD-8B24-4C8D-A1D0-29EAAD0829AA}.Debug|Any CPU.ActiveCfg = Debug|Any CPU
		{9C979BBD-8B24-4C8D-A1D0-29EAAD0829AA}.Debug|Any CPU.Build.0 = Debug|Any CPU
		{9C979BBD-8B24-4C8D-A1D0-29EAAD0829AA}.Release|Any CPU.ActiveCfg = Release|Any CPU
		{9C979BBD-8B24-4C8D-A1D0-29EAAD0829AA}.Release|Any CPU.Build.0 = Release|Any CPU
		{1D493C75-1DE8-472A-A54D-C28D9325EFD1}.Debug|Any CPU.ActiveCfg = Debug|Any CPU
		{1D493C75-1DE8-472A-A54D-C28D9325EFD1}.Debug|Any CPU.Build.0 = Debug|Any CPU
		{1D493C75-1DE8-472A-A54D-C28D9325EFD1}.Release|Any CPU.ActiveCfg = Release|Any CPU
		{1D493C75-1DE8-472A-A54D-C28D9325EFD1}.Release|Any CPU.Build.0 = Release|Any CPU
		{7041421A-3A3E-46CE-B73B-5C8415A35891}.Debug|Any CPU.ActiveCfg = Debug|Any CPU
		{7041421A-3A3E-46CE-B73B-5C8415A35891}.Debug|Any CPU.Build.0 = Debug|Any CPU
		{7041421A-3A3E-46CE-B73B-5C8415A35891}.Release|Any CPU.ActiveCfg = Release|Any CPU
		{7041421A-3A3E-46CE-B73B-5C8415A35891}.Release|Any CPU.Build.0 = Release|Any CPU
		{0CC826C9-D617-4A6D-931E-EB47BF282348}.Debug|Any CPU.ActiveCfg = Debug|Any CPU
		{0CC826C9-D617-4A6D-931E-EB47BF282348}.Debug|Any CPU.Build.0 = Debug|Any CPU
		{0CC826C9-D617-4A6D-931E-EB47BF282348}.Release|Any CPU.ActiveCfg = Release|Any CPU
		{0CC826C9-D617-4A6D-931E-EB47BF282348}.Release|Any CPU.Build.0 = Release|Any CPU
		{400C907C-1054-4ED6-B452-9C5E6398EAA5}.Debug|Any CPU.ActiveCfg = Debug|Any CPU
		{400C907C-1054-4ED6-B452-9C5E6398EAA5}.Debug|Any CPU.Build.0 = Debug|Any CPU
		{400C907C-1054-4ED6-B452-9C5E6398EAA5}.Release|Any CPU.ActiveCfg = Release|Any CPU
		{400C907C-1054-4ED6-B452-9C5E6398EAA5}.Release|Any CPU.Build.0 = Release|Any CPU
		{AF07395E-9648-43DB-867D-291AF487FAE9}.Debug|Any CPU.ActiveCfg = Debug|Any CPU
		{AF07395E-9648-43DB-867D-291AF487FAE9}.Debug|Any CPU.Build.0 = Debug|Any CPU
		{AF07395E-9648-43DB-867D-291AF487FAE9}.Release|Any CPU.ActiveCfg = Release|Any CPU
		{AF07395E-9648-43DB-867D-291AF487FAE9}.Release|Any CPU.Build.0 = Release|Any CPU
		{C1A661E2-B4ED-448A-8846-FA2801A72F82}.Debug|Any CPU.ActiveCfg = Debug|Any CPU
		{C1A661E2-B4ED-448A-8846-FA2801A72F82}.Debug|Any CPU.Build.0 = Debug|Any CPU
		{C1A661E2-B4ED-448A-8846-FA2801A72F82}.Release|Any CPU.ActiveCfg = Release|Any CPU
		{C1A661E2-B4ED-448A-8846-FA2801A72F82}.Release|Any CPU.Build.0 = Release|Any CPU
		{16633C18-20CA-45F1-BCCB-92854D2E33BF}.Debug|Any CPU.ActiveCfg = Debug|Any CPU
		{16633C18-20CA-45F1-BCCB-92854D2E33BF}.Debug|Any CPU.Build.0 = Debug|Any CPU
		{16633C18-20CA-45F1-BCCB-92854D2E33BF}.Release|Any CPU.ActiveCfg = Release|Any CPU
		{16633C18-20CA-45F1-BCCB-92854D2E33BF}.Release|Any CPU.Build.0 = Release|Any CPU
		{06027E55-21AB-4D90-9B1B-57FD0B2DF63A}.Debug|Any CPU.ActiveCfg = Debug|Any CPU
		{06027E55-21AB-4D90-9B1B-57FD0B2DF63A}.Debug|Any CPU.Build.0 = Debug|Any CPU
		{06027E55-21AB-4D90-9B1B-57FD0B2DF63A}.Release|Any CPU.ActiveCfg = Release|Any CPU
		{06027E55-21AB-4D90-9B1B-57FD0B2DF63A}.Release|Any CPU.Build.0 = Release|Any CPU
		{A15B7046-4255-4BB8-A781-82D18831133A}.Debug|Any CPU.ActiveCfg = Debug|Any CPU
		{A15B7046-4255-4BB8-A781-82D18831133A}.Debug|Any CPU.Build.0 = Debug|Any CPU
		{A15B7046-4255-4BB8-A781-82D18831133A}.Release|Any CPU.ActiveCfg = Release|Any CPU
		{A15B7046-4255-4BB8-A781-82D18831133A}.Release|Any CPU.Build.0 = Release|Any CPU
		{14591D26-BF09-4A4D-B3D4-A2F2970F1010}.Debug|Any CPU.ActiveCfg = Debug|Any CPU
		{14591D26-BF09-4A4D-B3D4-A2F2970F1010}.Debug|Any CPU.Build.0 = Debug|Any CPU
		{14591D26-BF09-4A4D-B3D4-A2F2970F1010}.Release|Any CPU.ActiveCfg = Release|Any CPU
		{14591D26-BF09-4A4D-B3D4-A2F2970F1010}.Release|Any CPU.Build.0 = Release|Any CPU
		{B7B524CE-801E-4D27-96C9-1E624900565E}.Debug|Any CPU.ActiveCfg = Debug|Any CPU
		{B7B524CE-801E-4D27-96C9-1E624900565E}.Debug|Any CPU.Build.0 = Debug|Any CPU
		{B7B524CE-801E-4D27-96C9-1E624900565E}.Release|Any CPU.ActiveCfg = Release|Any CPU
		{B7B524CE-801E-4D27-96C9-1E624900565E}.Release|Any CPU.Build.0 = Release|Any CPU
	EndGlobalSection
	GlobalSection(SolutionProperties) = preSolution
		HideSolutionNode = FALSE
	EndGlobalSection
	GlobalSection(NestedProjects) = preSolution
		{9C9F00B7-3989-46BA-8137-7F04A767C831} = {36D591C7-65C7-A0D1-1CBC-10CDE441BDC8}
		{79FAB753-B4AF-4E5C-AF07-6E5111EF2BB1} = {36D591C7-65C7-A0D1-1CBC-10CDE441BDC8}
		{B8A7D663-96C8-478E-A5FF-FEBEEFBE3462} = {36D591C7-65C7-A0D1-1CBC-10CDE441BDC8}
		{CEB4FD76-1D7C-45FB-902B-529596B4A0C2} = {36D591C7-65C7-A0D1-1CBC-10CDE441BDC8}
		{5D51EFCD-1763-40D0-8692-2697FC9A3088} = {CCB57C20-F91F-412B-8718-DFA9C110A0D5}
		{70C5E910-9DC0-4481-A366-164EE832BE39} = {CCB57C20-F91F-412B-8718-DFA9C110A0D5}
		{48876A1E-5228-4F04-8494-8978AEA38546} = {CCB57C20-F91F-412B-8718-DFA9C110A0D5}
		{73A745A6-42DA-4966-B337-D5A418B11EDD} = {CCB57C20-F91F-412B-8718-DFA9C110A0D5}
		{3C9E2506-9AEC-416A-8E9A-4ECEF5013130} = {3E9243A7-68EA-4B13-B44E-42CD25414931}
		{3721867C-AA0C-4A9C-AB44-EE85DD54C35B} = {3E9243A7-68EA-4B13-B44E-42CD25414931}
		{7041421A-3A3E-46CE-B73B-5C8415A35891} = {CCA7D8C2-3E9E-4CFA-AF47-85F59BAC99C3}
		{0CC826C9-D617-4A6D-931E-EB47BF282348} = {CCA7D8C2-3E9E-4CFA-AF47-85F59BAC99C3}
		{400C907C-1054-4ED6-B452-9C5E6398EAA5} = {CCA7D8C2-3E9E-4CFA-AF47-85F59BAC99C3}
		{AF07395E-9648-43DB-867D-291AF487FAE9} = {CCA7D8C2-3E9E-4CFA-AF47-85F59BAC99C3}
		{C1A661E2-B4ED-448A-8846-FA2801A72F82} = {3E9243A7-68EA-4B13-B44E-42CD25414931}
		{F62624DC-BF34-4BBC-9F71-787D9F6525DC} = {02EA681E-C7D8-13C7-8484-4AC65E1B71E8}
		{9A6AC86E-677B-4A0F-A324-9FD709F342A3} = {C151E308-C652-4702-9274-9B06FF5DE265}
		{E45FE717-4356-4E0C-8E50-B5400B71DF14} = {C151E308-C652-4702-9274-9B06FF5DE265}
		{01991DFF-A837-4E1F-9005-B31D68744B09} = {C151E308-C652-4702-9274-9B06FF5DE265}
		{9CD597D1-3676-4792-88EF-69496B1A5587} = {C151E308-C652-4702-9274-9B06FF5DE265}
		{55281CF5-2148-4F5A-A0C4-3915C5979307} = {2E2BF723-B720-4502-AC75-924883FD8660}
		{BF99A74B-A12C-4AFF-8C4A-BCB94B18C6B5} = {2E2BF723-B720-4502-AC75-924883FD8660}
		{A78B77B9-B680-4E19-B34D-FCD6D7FB2BD0} = {2E2BF723-B720-4502-AC75-924883FD8660}
		{11BAC114-A55C-4AFE-AEF5-AB8835E658E0} = {2E2BF723-B720-4502-AC75-924883FD8660}
		{9C979BBD-8B24-4C8D-A1D0-29EAAD0829AA} = {604A5CE0-DF86-4B13-ADAF-15D930986F5F}
		{1D493C75-1DE8-472A-A54D-C28D9325EFD1} = {604A5CE0-DF86-4B13-ADAF-15D930986F5F}
		{7041421A-3A3E-46CE-B73B-5C8415A35891} = {CCA7D8C2-3E9E-4CFA-AF47-85F59BAC99C3}
		{0CC826C9-D617-4A6D-931E-EB47BF282348} = {CCA7D8C2-3E9E-4CFA-AF47-85F59BAC99C3}
		{400C907C-1054-4ED6-B452-9C5E6398EAA5} = {CCA7D8C2-3E9E-4CFA-AF47-85F59BAC99C3}
		{AF07395E-9648-43DB-867D-291AF487FAE9} = {CCA7D8C2-3E9E-4CFA-AF47-85F59BAC99C3}
		{C1A661E2-B4ED-448A-8846-FA2801A72F82} = {3E9243A7-68EA-4B13-B44E-42CD25414931}
		{16633C18-20CA-45F1-BCCB-92854D2E33BF} = {63050D05-3C7F-480A-86D0-E87D7E7B6C91}
		{06027E55-21AB-4D90-9B1B-57FD0B2DF63A} = {63050D05-3C7F-480A-86D0-E87D7E7B6C91}
		{A15B7046-4255-4BB8-A781-82D18831133A} = {63050D05-3C7F-480A-86D0-E87D7E7B6C91}
		{14591D26-BF09-4A4D-B3D4-A2F2970F1010} = {63050D05-3C7F-480A-86D0-E87D7E7B6C91}
		{B7B524CE-801E-4D27-96C9-1E624900565E} = {63050D05-3C7F-480A-86D0-E87D7E7B6C91}
	EndGlobalSection
	GlobalSection(ExtensibilityGlobals) = postSolution
		SolutionGuid = {F53385AA-EEFC-464F-9C2B-4773A1C1B1DD}
	EndGlobalSection
EndGlobal
